
Microsoft Visual Studio Solution File, Format Version 12.00
# Visual Studio Version 17
VisualStudioVersion = 17.11.35219.272
MinimumVisualStudioVersion = 10.0.40219.1
Project("{9A19103F-16F7-4668-BE54-9A1E7A4F7556}") = "MineSweeperConsoleAppK", "MineSweeperConsoleAppK\MineSweeperConsoleAppK.csproj", "{3C6569DB-9F0C-4AE7-925E-DEDEEDE62077}"
EndProject
Project("{9A19103F-16F7-4668-BE54-9A1E7A4F7556}") = "MineSweeperClasses", "MineSweeperClasses\MineSweeperClasses.csproj", "{B8349B7B-5BAF-4C3E-BB3E-28FC53CC5204}"
EndProject
Project("{9A19103F-16F7-4668-BE54-9A1E7A4F7556}") = "MineSweeperGUIK", "MineSweeperGUIK\MineSweeperGUIK.csproj", "{93EDCC40-BCA5-4B33-AA8F-241CF3107166}"
EndProject
Global
	GlobalSection(SolutionConfigurationPlatforms) = preSolution
		Debug|Any CPU = Debug|Any CPU
		Release|Any CPU = Release|Any CPU
	EndGlobalSection
	GlobalSection(ProjectConfigurationPlatforms) = postSolution
		{3C6569DB-9F0C-4AE7-925E-DEDEEDE62077}.Debug|Any CPU.ActiveCfg = Debug|Any CPU
		{3C6569DB-9F0C-4AE7-925E-DEDEEDE62077}.Debug|Any CPU.Build.0 = Debug|Any CPU
		{3C6569DB-9F0C-4AE7-925E-DEDEEDE62077}.Release|Any CPU.ActiveCfg = Release|Any CPU
		{3C6569DB-9F0C-4AE7-925E-DEDEEDE62077}.Release|Any CPU.Build.0 = Release|Any CPU
		{B8349B7B-5BAF-4C3E-BB3E-28FC53CC5204}.Debug|Any CPU.ActiveCfg = Debug|Any CPU
		{B8349B7B-5BAF-4C3E-BB3E-28FC53CC5204}.Debug|Any CPU.Build.0 = Debug|Any CPU
		{B8349B7B-5BAF-4C3E-BB3E-28FC53CC5204}.Release|Any CPU.ActiveCfg = Release|Any CPU
		{B8349B7B-5BAF-4C3E-BB3E-28FC53CC5204}.Release|Any CPU.Build.0 = Release|Any CPU
		{93EDCC40-BCA5-4B33-AA8F-241CF3107166}.Debug|Any CPU.ActiveCfg = Debug|Any CPU
		{93EDCC40-BCA5-4B33-AA8F-241CF3107166}.Debug|Any CPU.Build.0 = Debug|Any CPU
		{93EDCC40-BCA5-4B33-AA8F-241CF3107166}.Release|Any CPU.ActiveCfg = Release|Any CPU
		{93EDCC40-BCA5-4B33-AA8F-241CF3107166}.Release|Any CPU.Build.0 = Release|Any CPU
	EndGlobalSection
	GlobalSection(SolutionProperties) = preSolution
		HideSolutionNode = FALSE
	EndGlobalSection
	GlobalSection(ExtensibilityGlobals) = postSolution
		SolutionGuid = {FC4C98F2-033D-446F-BE35-77928EF1FACC}
	EndGlobalSection
EndGlobal
